
Microsoft Visual Studio Solution File, Format Version 12.00
# Visual Studio Version 17
VisualStudioVersion = 17.8.34511.84
MinimumVisualStudioVersion = 10.0.40219.1
Project("{9A19103F-16F7-4668-BE54-9A1E7A4F7556}") = "BulkyWeb", "BulkyWeb\BulkyWeb.csproj", "{D51493EF-981B-4C7C-809A-F8E09DA245D1}"
EndProject
Project("{9A19103F-16F7-4668-BE54-9A1E7A4F7556}") = "Bulky.DataAccess", "Bulky.DataAccess\Bulky.DataAccess.csproj", "{D1EA9978-643D-4EAB-9B56-71B7ED8F0E90}"
EndProject
Project("{9A19103F-16F7-4668-BE54-9A1E7A4F7556}") = "Bulky.Models", "Bulky.Models\Bulky.Models.csproj", "{010A716A-17EE-4012-9D42-60F4EBAE23A5}"
EndProject
Project("{9A19103F-16F7-4668-BE54-9A1E7A4F7556}") = "Bulky.Utility", "Bulky.Utility\Bulky.Utility.csproj", "{B530F150-798B-4F79-9CD5-B37A809C7719}"
EndProject
Global
	GlobalSection(SolutionConfigurationPlatforms) = preSolution
		Debug|Any CPU = Debug|Any CPU
		Release|Any CPU = Release|Any CPU
	EndGlobalSection
	GlobalSection(ProjectConfigurationPlatforms) = postSolution
		{D51493EF-981B-4C7C-809A-F8E09DA245D1}.Debug|Any CPU.ActiveCfg = Debug|Any CPU
		{D51493EF-981B-4C7C-809A-F8E09DA245D1}.Debug|Any CPU.Build.0 = Debug|Any CPU
		{D51493EF-981B-4C7C-809A-F8E09DA245D1}.Release|Any CPU.ActiveCfg = Release|Any CPU
		{D51493EF-981B-4C7C-809A-F8E09DA245D1}.Release|Any CPU.Build.0 = Release|Any CPU
		{D1EA9978-643D-4EAB-9B56-71B7ED8F0E90}.Debug|Any CPU.ActiveCfg = Debug|Any CPU
		{D1EA9978-643D-4EAB-9B56-71B7ED8F0E90}.Debug|Any CPU.Build.0 = Debug|Any CPU
		{D1EA9978-643D-4EAB-9B56-71B7ED8F0E90}.Release|Any CPU.ActiveCfg = Release|Any CPU
		{D1EA9978-643D-4EAB-9B56-71B7ED8F0E90}.Release|Any CPU.Build.0 = Release|Any CPU
		{010A716A-17EE-4012-9D42-60F4EBAE23A5}.Debug|Any CPU.ActiveCfg = Debug|Any CPU
		{010A716A-17EE-4012-9D42-60F4EBAE23A5}.Debug|Any CPU.Build.0 = Debug|Any CPU
		{010A716A-17EE-4012-9D42-60F4EBAE23A5}.Release|Any CPU.ActiveCfg = Release|Any CPU
		{010A716A-17EE-4012-9D42-60F4EBAE23A5}.Release|Any CPU.Build.0 = Release|Any CPU
		{B530F150-798B-4F79-9CD5-B37A809C7719}.Debug|Any CPU.ActiveCfg = Debug|Any CPU
		{B530F150-798B-4F79-9CD5-B37A809C7719}.Debug|Any CPU.Build.0 = Debug|Any CPU
		{B530F150-798B-4F79-9CD5-B37A809C7719}.Release|Any CPU.ActiveCfg = Release|Any CPU
		{B530F150-798B-4F79-9CD5-B37A809C7719}.Release|Any CPU.Build.0 = Release|Any CPU
	EndGlobalSection
	GlobalSection(SolutionProperties) = preSolution
		HideSolutionNode = FALSE
	EndGlobalSection
	GlobalSection(ExtensibilityGlobals) = postSolution
		SolutionGuid = {01798DF9-217B-484F-8A8B-D4AFAC58CFF8}
	EndGlobalSection
EndGlobal
